// !$*UTF8*$!
{
	archiveVersion = 1;
	classes = {
	};
	objectVersion = 77;
	objects = {

/* Begin PBXBuildFile section */
		212524B72D6B268E00BF5295 /* NginxManager.swift in Sources */ = {isa = PBXBuildFile; fileRef = 212524B62D6B268E00BF5295 /* NginxManager.swift */; };
		212524B92D6B26BC00BF5295 /* HostsConfigView.swift in Sources */ = {isa = PBXBuildFile; fileRef = 212524B82D6B26BC00BF5295 /* HostsConfigView.swift */; };
		212524BF2D6B3BA300BF5295 /* VisualEffectView.swift in Sources */ = {isa = PBXBuildFile; fileRef = 212524BE2D6B3BA300BF5295 /* VisualEffectView.swift */; };
		212524C12D6B3C0C00BF5295 /* NginxConfigView.swift in Sources */ = {isa = PBXBuildFile; fileRef = 212524C02D6B3C0C00BF5295 /* NginxConfigView.swift */; };
		212524C32D6B403D00BF5295 /* CleanupView.swift in Sources */ = {isa = PBXBuildFile; fileRef = 212524C22D6B403D00BF5295 /* CleanupView.swift */; };
		212524C52D6B436700BF5295 /* StatusBarMenuView.swift in Sources */ = {isa = PBXBuildFile; fileRef = 212524C42D6B436700BF5295 /* StatusBarMenuView.swift */; };
		212524C72D6C999500BF5295 /* SecureStorage.swift in Sources */ = {isa = PBXBuildFile; fileRef = 212524C62D6C999500BF5295 /* SecureStorage.swift */; };
		21FEEACB2D69C4E200C21027 /* AppDelegate.swift in Sources */ = {isa = PBXBuildFile; fileRef = 21FEEACA2D69C4E200C21027 /* AppDelegate.swift */; };
		21FEEACD2D69DF3200C21027 /* AppState.swift in Sources */ = {isa = PBXBuildFile; fileRef = 21FEEACC2D69DF3200C21027 /* AppState.swift */; };
		21FEEAD12D69EED800C21027 /* MirrorConfig.swift in Sources */ = {isa = PBXBuildFile; fileRef = 21FEEAD02D69EED800C21027 /* MirrorConfig.swift */; };
		21FEEAD32D69F8CA00C21027 /* KeychainManager.swift in Sources */ = {isa = PBXBuildFile; fileRef = 21FEEAD22D69F8CA00C21027 /* KeychainManager.swift */; };
		21FEEAD52D6A126300C21027 /* BrowserManager.swift in Sources */ = {isa = PBXBuildFile; fileRef = 21FEEAD42D6A126300C21027 /* BrowserManager.swift */; };
		21FEEAD72D6A194B00C21027 /* SettingsView.swift in Sources */ = {isa = PBXBuildFile; fileRef = 21FEEAD62D6A194B00C21027 /* SettingsView.swift */; };
		21FEEADF2D6A252E00C21027 /* PasswordInputView.swift in Sources */ = {isa = PBXBuildFile; fileRef = 21FEEADE2D6A252E00C21027 /* PasswordInputView.swift */; };
/* End PBXBuildFile section */

/* Begin PBXContainerItemProxy section */
		21FEEAAE2D69C08A00C21027 /* PBXContainerItemProxy */ = {
			isa = PBXContainerItemProxy;
			containerPortal = 21FEEA942D69C08800C21027 /* Project object */;
			proxyType = 1;
			remoteGlobalIDString = 21FEEA9B2D69C08800C21027;
			remoteInfo = GitHubAccelerator;
		};
		21FEEAB82D69C08A00C21027 /* PBXContainerItemProxy */ = {
			isa = PBXContainerItemProxy;
			containerPortal = 21FEEA942D69C08800C21027 /* Project object */;
			proxyType = 1;
			remoteGlobalIDString = 21FEEA9B2D69C08800C21027;
			remoteInfo = GitHubAccelerator;
		};
/* End PBXContainerItemProxy section */

/* Begin PBXFileReference section */
		212524B62D6B268E00BF5295 /* NginxManager.swift */ = {isa = PBXFileReference; lastKnownFileType = sourcecode.swift; path = NginxManager.swift; sourceTree = "<group>"; };
		212524B82D6B26BC00BF5295 /* HostsConfigView.swift */ = {isa = PBXFileReference; lastKnownFileType = sourcecode.swift; path = HostsConfigView.swift; sourceTree = "<group>"; };
		212524BE2D6B3BA300BF5295 /* VisualEffectView.swift */ = {isa = PBXFileReference; lastKnownFileType = sourcecode.swift; path = VisualEffectView.swift; sourceTree = "<group>"; };
		212524C02D6B3C0C00BF5295 /* NginxConfigView.swift */ = {isa = PBXFileReference; lastKnownFileType = sourcecode.swift; path = NginxConfigView.swift; sourceTree = "<group>"; };
		212524C22D6B403D00BF5295 /* CleanupView.swift */ = {isa = PBXFileReference; lastKnownFileType = sourcecode.swift; path = CleanupView.swift; sourceTree = "<group>"; };
		212524C42D6B436700BF5295 /* StatusBarMenuView.swift */ = {isa = PBXFileReference; lastKnownFileType = sourcecode.swift; path = StatusBarMenuView.swift; sourceTree = "<group>"; };
		212524C62D6C999500BF5295 /* SecureStorage.swift */ = {isa = PBXFileReference; lastKnownFileType = sourcecode.swift; path = SecureStorage.swift; sourceTree = "<group>"; };
		21FEEA9C2D69C08800C21027 /* GitHubAccelerator.app */ = {isa = PBXFileReference; explicitFileType = wrapper.application; includeInIndex = 0; path = GitHubAccelerator.app; sourceTree = BUILT_PRODUCTS_DIR; };
		21FEEAAD2D69C08A00C21027 /* GitHubAcceleratorTests.xctest */ = {isa = PBXFileReference; explicitFileType = wrapper.cfbundle; includeInIndex = 0; path = GitHubAcceleratorTests.xctest; sourceTree = BUILT_PRODUCTS_DIR; };
		21FEEAB72D69C08A00C21027 /* GitHubAcceleratorUITests.xctest */ = {isa = PBXFileReference; explicitFileType = wrapper.cfbundle; includeInIndex = 0; path = GitHubAcceleratorUITests.xctest; sourceTree = BUILT_PRODUCTS_DIR; };
		21FEEACA2D69C4E200C21027 /* AppDelegate.swift */ = {isa = PBXFileReference; lastKnownFileType = sourcecode.swift; path = AppDelegate.swift; sourceTree = "<group>"; };
		21FEEACC2D69DF3200C21027 /* AppState.swift */ = {isa = PBXFileReference; lastKnownFileType = sourcecode.swift; path = AppState.swift; sourceTree = "<group>"; };
		21FEEAD02D69EED800C21027 /* MirrorConfig.swift */ = {isa = PBXFileReference; lastKnownFileType = sourcecode.swift; path = MirrorConfig.swift; sourceTree = "<group>"; };
		21FEEAD22D69F8CA00C21027 /* KeychainManager.swift */ = {isa = PBXFileReference; lastKnownFileType = sourcecode.swift; path = KeychainManager.swift; sourceTree = "<group>"; };
		21FEEAD42D6A126300C21027 /* BrowserManager.swift */ = {isa = PBXFileReference; lastKnownFileType = sourcecode.swift; path = BrowserManager.swift; sourceTree = "<group>"; };
		21FEEAD62D6A194B00C21027 /* SettingsView.swift */ = {isa = PBXFileReference; lastKnownFileType = sourcecode.swift; path = SettingsView.swift; sourceTree = "<group>"; };
		21FEEADE2D6A252E00C21027 /* PasswordInputView.swift */ = {isa = PBXFileReference; lastKnownFileType = sourcecode.swift; path = PasswordInputView.swift; sourceTree = "<group>"; };
/* End PBXFileReference section */

/* Begin PBXFileSystemSynchronizedBuildFileExceptionSet section */
		21FEEACF2D69E2F800C21027 /* Exceptions for "GitHubAccelerator" folder in "GitHubAccelerator" target */ = {
			isa = PBXFileSystemSynchronizedBuildFileExceptionSet;
			membershipExceptions = (
				Info.plist,
			);
			target = 21FEEA9B2D69C08800C21027 /* GitHubAccelerator */;
		};
/* End PBXFileSystemSynchronizedBuildFileExceptionSet section */

/* Begin PBXFileSystemSynchronizedRootGroup section */
		21FEEA9E2D69C08800C21027 /* GitHubAccelerator */ = {
			isa = PBXFileSystemSynchronizedRootGroup;
			exceptions = (
				21FEEACF2D69E2F800C21027 /* Exceptions for "GitHubAccelerator" folder in "GitHubAccelerator" target */,
			);
			path = GitHubAccelerator;
			sourceTree = "<group>";
		};
		21FEEAB02D69C08A00C21027 /* GitHubAcceleratorTests */ = {
			isa = PBXFileSystemSynchronizedRootGroup;
			path = GitHubAcceleratorTests;
			sourceTree = "<group>";
		};
		21FEEABA2D69C08A00C21027 /* GitHubAcceleratorUITests */ = {
			isa = PBXFileSystemSynchronizedRootGroup;
			path = GitHubAcceleratorUITests;
			sourceTree = "<group>";
		};
/* End PBXFileSystemSynchronizedRootGroup section */

/* Begin PBXFrameworksBuildPhase section */
		21FEEA992D69C08800C21027 /* Frameworks */ = {
			isa = PBXFrameworksBuildPhase;
			buildActionMask = 2147483647;
			files = (
			);
			runOnlyForDeploymentPostprocessing = 0;
		};
		21FEEAAA2D69C08A00C21027 /* Frameworks */ = {
			isa = PBXFrameworksBuildPhase;
			buildActionMask = 2147483647;
			files = (
			);
			runOnlyForDeploymentPostprocessing = 0;
		};
		21FEEAB42D69C08A00C21027 /* Frameworks */ = {
			isa = PBXFrameworksBuildPhase;
			buildActionMask = 2147483647;
			files = (
			);
			runOnlyForDeploymentPostprocessing = 0;
		};
/* End PBXFrameworksBuildPhase section */

/* Begin PBXGroup section */
		21FEEA932D69C08800C21027 = {
			isa = PBXGroup;
			children = (
				212524C62D6C999500BF5295 /* SecureStorage.swift */,
				212524C42D6B436700BF5295 /* StatusBarMenuView.swift */,
				212524C22D6B403D00BF5295 /* CleanupView.swift */,
				212524C02D6B3C0C00BF5295 /* NginxConfigView.swift */,
				212524BE2D6B3BA300BF5295 /* VisualEffectView.swift */,
				212524B82D6B26BC00BF5295 /* HostsConfigView.swift */,
				212524B62D6B268E00BF5295 /* NginxManager.swift */,
				21FEEADE2D6A252E00C21027 /* PasswordInputView.swift */,
				21FEEAD62D6A194B00C21027 /* SettingsView.swift */,
				21FEEAD42D6A126300C21027 /* BrowserManager.swift */,
				21FEEAD22D69F8CA00C21027 /* KeychainManager.swift */,
				21FEEAD02D69EED800C21027 /* MirrorConfig.swift */,
				21FEEACC2D69DF3200C21027 /* AppState.swift */,
				21FEEACA2D69C4E200C21027 /* AppDelegate.swift */,
				21FEEA9E2D69C08800C21027 /* GitHubAccelerator */,
				21FEEAB02D69C08A00C21027 /* GitHubAcceleratorTests */,
				21FEEABA2D69C08A00C21027 /* GitHubAcceleratorUITests */,
				21FEEA9D2D69C08800C21027 /* Products */,
			);
			sourceTree = "<group>";
		};
		21FEEA9D2D69C08800C21027 /* Products */ = {
			isa = PBXGroup;
			children = (
				21FEEA9C2D69C08800C21027 /* GitHubAccelerator.app */,
				21FEEAAD2D69C08A00C21027 /* GitHubAcceleratorTests.xctest */,
				21FEEAB72D69C08A00C21027 /* GitHubAcceleratorUITests.xctest */,
			);
			name = Products;
			sourceTree = "<group>";
		};
/* End PBXGroup section */

/* Begin PBXNativeTarget section */
		21FEEA9B2D69C08800C21027 /* GitHubAccelerator */ = {
			isa = PBXNativeTarget;
			buildConfigurationList = 21FEEAC12D69C08A00C21027 /* Build configuration list for PBXNativeTarget "GitHubAccelerator" */;
			buildPhases = (
				21FEEA982D69C08800C21027 /* Sources */,
				21FEEA992D69C08800C21027 /* Frameworks */,
				21FEEA9A2D69C08800C21027 /* Resources */,
			);
			buildRules = (
			);
			dependencies = (
			);
			fileSystemSynchronizedGroups = (
				21FEEA9E2D69C08800C21027 /* GitHubAccelerator */,
			);
			name = GitHubAccelerator;
			packageProductDependencies = (
			);
			productName = GitHubAccelerator;
			productReference = 21FEEA9C2D69C08800C21027 /* GitHubAccelerator.app */;
			productType = "com.apple.product-type.application";
		};
		21FEEAAC2D69C08A00C21027 /* GitHubAcceleratorTests */ = {
			isa = PBXNativeTarget;
			buildConfigurationList = 21FEEAC42D69C08A00C21027 /* Build configuration list for PBXNativeTarget "GitHubAcceleratorTests" */;
			buildPhases = (
				21FEEAA92D69C08A00C21027 /* Sources */,
				21FEEAAA2D69C08A00C21027 /* Frameworks */,
				21FEEAAB2D69C08A00C21027 /* Resources */,
			);
			buildRules = (
			);
			dependencies = (
				21FEEAAF2D69C08A00C21027 /* PBXTargetDependency */,
			);
			fileSystemSynchronizedGroups = (
				21FEEAB02D69C08A00C21027 /* GitHubAcceleratorTests */,
			);
			name = GitHubAcceleratorTests;
			packageProductDependencies = (
			);
			productName = GitHubAcceleratorTests;
			productReference = 21FEEAAD2D69C08A00C21027 /* GitHubAcceleratorTests.xctest */;
			productType = "com.apple.product-type.bundle.unit-test";
		};
		21FEEAB62D69C08A00C21027 /* GitHubAcceleratorUITests */ = {
			isa = PBXNativeTarget;
			buildConfigurationList = 21FEEAC72D69C08A00C21027 /* Build configuration list for PBXNativeTarget "GitHubAcceleratorUITests" */;
			buildPhases = (
				21FEEAB32D69C08A00C21027 /* Sources */,
				21FEEAB42D69C08A00C21027 /* Frameworks */,
				21FEEAB52D69C08A00C21027 /* Resources */,
			);
			buildRules = (
			);
			dependencies = (
				21FEEAB92D69C08A00C21027 /* PBXTargetDependency */,
			);
			fileSystemSynchronizedGroups = (
				21FEEABA2D69C08A00C21027 /* GitHubAcceleratorUITests */,
			);
			name = GitHubAcceleratorUITests;
			packageProductDependencies = (
			);
			productName = GitHubAcceleratorUITests;
			productReference = 21FEEAB72D69C08A00C21027 /* GitHubAcceleratorUITests.xctest */;
			productType = "com.apple.product-type.bundle.ui-testing";
		};
/* End PBXNativeTarget section */

/* Begin PBXProject section */
		21FEEA942D69C08800C21027 /* Project object */ = {
			isa = PBXProject;
			attributes = {
				BuildIndependentTargetsInParallel = 1;
				LastSwiftUpdateCheck = 1620;
				LastUpgradeCheck = 1620;
				TargetAttributes = {
					21FEEA9B2D69C08800C21027 = {
						CreatedOnToolsVersion = 16.2;
					};
					21FEEAAC2D69C08A00C21027 = {
						CreatedOnToolsVersion = 16.2;
						TestTargetID = 21FEEA9B2D69C08800C21027;
					};
					21FEEAB62D69C08A00C21027 = {
						CreatedOnToolsVersion = 16.2;
						TestTargetID = 21FEEA9B2D69C08800C21027;
					};
				};
			};
			buildConfigurationList = 21FEEA972D69C08800C21027 /* Build configuration list for PBXProject "GitHubAccelerator" */;
			developmentRegion = en;
			hasScannedForEncodings = 0;
			knownRegions = (
				en,
				Base,
			);
			mainGroup = 21FEEA932D69C08800C21027;
			minimizedProjectReferenceProxies = 1;
			preferredProjectObjectVersion = 77;
			productRefGroup = 21FEEA9D2D69C08800C21027 /* Products */;
			projectDirPath = "";
			projectRoot = "";
			targets = (
				21FEEA9B2D69C08800C21027 /* GitHubAccelerator */,
				21FEEAAC2D69C08A00C21027 /* GitHubAcceleratorTests */,
				21FEEAB62D69C08A00C21027 /* GitHubAcceleratorUITests */,
			);
		};
/* End PBXProject section */

/* Begin PBXResourcesBuildPhase section */
		21FEEA9A2D69C08800C21027 /* Resources */ = {
			isa = PBXResourcesBuildPhase;
			buildActionMask = 2147483647;
			files = (
			);
			runOnlyForDeploymentPostprocessing = 0;
		};
		21FEEAAB2D69C08A00C21027 /* Resources */ = {
			isa = PBXResourcesBuildPhase;
			buildActionMask = 2147483647;
			files = (
			);
			runOnlyForDeploymentPostprocessing = 0;
		};
		21FEEAB52D69C08A00C21027 /* Resources */ = {
			isa = PBXResourcesBuildPhase;
			buildActionMask = 2147483647;
			files = (
			);
			runOnlyForDeploymentPostprocessing = 0;
		};
/* End PBXResourcesBuildPhase section */

/* Begin PBXSourcesBuildPhase section */
		21FEEA982D69C08800C21027 /* Sources */ = {
			isa = PBXSourcesBuildPhase;
			buildActionMask = 2147483647;
			files = (
				21FEEAD12D69EED800C21027 /* MirrorConfig.swift in Sources */,
				212524C52D6B436700BF5295 /* StatusBarMenuView.swift in Sources */,
				21FEEAD72D6A194B00C21027 /* SettingsView.swift in Sources */,
				21FEEAD32D69F8CA00C21027 /* KeychainManager.swift in Sources */,
				212524BF2D6B3BA300BF5295 /* VisualEffectView.swift in Sources */,
				21FEEADF2D6A252E00C21027 /* PasswordInputView.swift in Sources */,
				21FEEACB2D69C4E200C21027 /* AppDelegate.swift in Sources */,
				212524B92D6B26BC00BF5295 /* HostsConfigView.swift in Sources */,
				212524C72D6C999500BF5295 /* SecureStorage.swift in Sources */,
				21FEEACD2D69DF3200C21027 /* AppState.swift in Sources */,
				21FEEAD52D6A126300C21027 /* BrowserManager.swift in Sources */,
				212524B72D6B268E00BF5295 /* NginxManager.swift in Sources */,
				212524C12D6B3C0C00BF5295 /* NginxConfigView.swift in Sources */,
				212524C32D6B403D00BF5295 /* CleanupView.swift in Sources */,
			);
			runOnlyForDeploymentPostprocessing = 0;
		};
		21FEEAA92D69C08A00C21027 /* Sources */ = {
			isa = PBXSourcesBuildPhase;
			buildActionMask = 2147483647;
			files = (
			);
			runOnlyForDeploymentPostprocessing = 0;
		};
		21FEEAB32D69C08A00C21027 /* Sources */ = {
			isa = PBXSourcesBuildPhase;
			buildActionMask = 2147483647;
			files = (
			);
			runOnlyForDeploymentPostprocessing = 0;
		};
/* End PBXSourcesBuildPhase section */

/* Begin PBXTargetDependency section */
		21FEEAAF2D69C08A00C21027 /* PBXTargetDependency */ = {
			isa = PBXTargetDependency;
			target = 21FEEA9B2D69C08800C21027 /* GitHubAccelerator */;
			targetProxy = 21FEEAAE2D69C08A00C21027 /* PBXContainerItemProxy */;
		};
		21FEEAB92D69C08A00C21027 /* PBXTargetDependency */ = {
			isa = PBXTargetDependency;
			target = 21FEEA9B2D69C08800C21027 /* GitHubAccelerator */;
			targetProxy = 21FEEAB82D69C08A00C21027 /* PBXContainerItemProxy */;
		};
/* End PBXTargetDependency section */

/* Begin XCBuildConfiguration section */
		21FEEABF2D69C08A00C21027 /* Debug */ = {
			isa = XCBuildConfiguration;
			buildSettings = {
				ALWAYS_SEARCH_USER_PATHS = NO;
				ASSETCATALOG_COMPILER_GENERATE_SWIFT_ASSET_SYMBOL_EXTENSIONS = YES;
				CLANG_ANALYZER_NONNULL = YES;
				CLANG_ANALYZER_NUMBER_OBJECT_CONVERSION = YES_AGGRESSIVE;
				CLANG_CXX_LANGUAGE_STANDARD = "gnu++20";
				CLANG_ENABLE_MODULES = YES;
				CLANG_ENABLE_OBJC_ARC = YES;
				CLANG_ENABLE_OBJC_WEAK = YES;
				CLANG_WARN_BLOCK_CAPTURE_AUTORELEASING = YES;
				CLANG_WARN_BOOL_CONVERSION = YES;
				CLANG_WARN_COMMA = YES;
				CLANG_WARN_CONSTANT_CONVERSION = YES;
				CLANG_WARN_DEPRECATED_OBJC_IMPLEMENTATIONS = YES;
				CLANG_WARN_DIRECT_OBJC_ISA_USAGE = YES_ERROR;
				CLANG_WARN_DOCUMENTATION_COMMENTS = YES;
				CLANG_WARN_EMPTY_BODY = YES;
				CLANG_WARN_ENUM_CONVERSION = YES;
				CLANG_WARN_INFINITE_RECURSION = YES;
				CLANG_WARN_INT_CONVERSION = YES;
				CLANG_WARN_NON_LITERAL_NULL_CONVERSION = YES;
				CLANG_WARN_OBJC_IMPLICIT_RETAIN_SELF = YES;
				CLANG_WARN_OBJC_LITERAL_CONVERSION = YES;
				CLANG_WARN_OBJC_ROOT_CLASS = YES_ERROR;
				CLANG_WARN_QUOTED_INCLUDE_IN_FRAMEWORK_HEADER = YES;
				CLANG_WARN_RANGE_LOOP_ANALYSIS = YES;
				CLANG_WARN_STRICT_PROTOTYPES = YES;
				CLANG_WARN_SUSPICIOUS_MOVE = YES;
				CLANG_WARN_UNGUARDED_AVAILABILITY = YES_AGGRESSIVE;
				CLANG_WARN_UNREACHABLE_CODE = YES;
				CLANG_WARN__DUPLICATE_METHOD_MATCH = YES;
				COPY_PHASE_STRIP = NO;
				DEBUG_INFORMATION_FORMAT = dwarf;
				ENABLE_STRICT_OBJC_MSGSEND = YES;
				ENABLE_TESTABILITY = YES;
				ENABLE_USER_SCRIPT_SANDBOXING = YES;
				GCC_C_LANGUAGE_STANDARD = gnu17;
				GCC_DYNAMIC_NO_PIC = NO;
				GCC_NO_COMMON_BLOCKS = YES;
				GCC_OPTIMIZATION_LEVEL = 0;
				GCC_PREPROCESSOR_DEFINITIONS = (
					"DEBUG=1",
					"$(inherited)",
				);
				GCC_WARN_64_TO_32_BIT_CONVERSION = YES;
				GCC_WARN_ABOUT_RETURN_TYPE = YES_ERROR;
				GCC_WARN_UNDECLARED_SELECTOR = YES;
				GCC_WARN_UNINITIALIZED_AUTOS = YES_AGGRESSIVE;
				GCC_WARN_UNUSED_FUNCTION = YES;
				GCC_WARN_UNUSED_VARIABLE = YES;
				LOCALIZATION_PREFERS_STRING_CATALOGS = YES;
				MACOSX_DEPLOYMENT_TARGET = 15.1;
				MTL_ENABLE_DEBUG_INFO = INCLUDE_SOURCE;
				MTL_FAST_MATH = YES;
				ONLY_ACTIVE_ARCH = YES;
				SDKROOT = macosx;
				SWIFT_ACTIVE_COMPILATION_CONDITIONS = "DEBUG $(inherited)";
				SWIFT_OPTIMIZATION_LEVEL = "-Onone";
			};
			name = Debug;
		};
		21FEEAC02D69C08A00C21027 /* Release */ = {
			isa = XCBuildConfiguration;
			buildSettings = {
				ALWAYS_SEARCH_USER_PATHS = NO;
				ASSETCATALOG_COMPILER_GENERATE_SWIFT_ASSET_SYMBOL_EXTENSIONS = YES;
				CLANG_ANALYZER_NONNULL = YES;
				CLANG_ANALYZER_NUMBER_OBJECT_CONVERSION = YES_AGGRESSIVE;
				CLANG_CXX_LANGUAGE_STANDARD = "gnu++20";
				CLANG_ENABLE_MODULES = YES;
				CLANG_ENABLE_OBJC_ARC = YES;
				CLANG_ENABLE_OBJC_WEAK = YES;
				CLANG_WARN_BLOCK_CAPTURE_AUTORELEASING = YES;
				CLANG_WARN_BOOL_CONVERSION = YES;
				CLANG_WARN_COMMA = YES;
				CLANG_WARN_CONSTANT_CONVERSION = YES;
				CLANG_WARN_DEPRECATED_OBJC_IMPLEMENTATIONS = YES;
				CLANG_WARN_DIRECT_OBJC_ISA_USAGE = YES_ERROR;
				CLANG_WARN_DOCUMENTATION_COMMENTS = YES;
				CLANG_WARN_EMPTY_BODY = YES;
				CLANG_WARN_ENUM_CONVERSION = YES;
				CLANG_WARN_INFINITE_RECURSION = YES;
				CLANG_WARN_INT_CONVERSION = YES;
				CLANG_WARN_NON_LITERAL_NULL_CONVERSION = YES;
				CLANG_WARN_OBJC_IMPLICIT_RETAIN_SELF = YES;
				CLANG_WARN_OBJC_LITERAL_CONVERSION = YES;
				CLANG_WARN_OBJC_ROOT_CLASS = YES_ERROR;
				CLANG_WARN_QUOTED_INCLUDE_IN_FRAMEWORK_HEADER = YES;
				CLANG_WARN_RANGE_LOOP_ANALYSIS = YES;
				CLANG_WARN_STRICT_PROTOTYPES = YES;
				CLANG_WARN_SUSPICIOUS_MOVE = YES;
				CLANG_WARN_UNGUARDED_AVAILABILITY = YES_AGGRESSIVE;
				CLANG_WARN_UNREACHABLE_CODE = YES;
				CLANG_WARN__DUPLICATE_METHOD_MATCH = YES;
				COPY_PHASE_STRIP = NO;
				DEBUG_INFORMATION_FORMAT = "dwarf-with-dsym";
				ENABLE_NS_ASSERTIONS = NO;
				ENABLE_STRICT_OBJC_MSGSEND = YES;
				ENABLE_USER_SCRIPT_SANDBOXING = YES;
				GCC_C_LANGUAGE_STANDARD = gnu17;
				GCC_NO_COMMON_BLOCKS = YES;
				GCC_WARN_64_TO_32_BIT_CONVERSION = YES;
				GCC_WARN_ABOUT_RETURN_TYPE = YES_ERROR;
				GCC_WARN_UNDECLARED_SELECTOR = YES;
				GCC_WARN_UNINITIALIZED_AUTOS = YES_AGGRESSIVE;
				GCC_WARN_UNUSED_FUNCTION = YES;
				GCC_WARN_UNUSED_VARIABLE = YES;
				LOCALIZATION_PREFERS_STRING_CATALOGS = YES;
				MACOSX_DEPLOYMENT_TARGET = 15.1;
				MTL_ENABLE_DEBUG_INFO = NO;
				MTL_FAST_MATH = YES;
				SDKROOT = macosx;
				SWIFT_COMPILATION_MODE = wholemodule;
			};
			name = Release;
		};
		21FEEAC22D69C08A00C21027 /* Debug */ = {
			isa = XCBuildConfiguration;
			buildSettings = {
				ASSETCATALOG_COMPILER_APPICON_NAME = AppIcon;
				ASSETCATALOG_COMPILER_GLOBAL_ACCENT_COLOR_NAME = AccentColor;
				CODE_SIGN_ENTITLEMENTS = GitHubAccelerator/GitHubAccelerator.entitlements;
				CODE_SIGN_STYLE = Automatic;
				COMBINE_HIDPI_IMAGES = YES;
				CURRENT_PROJECT_VERSION = 1;
				DEVELOPMENT_ASSET_PATHS = "\"GitHubAccelerator/Preview Content\"";
				DEVELOPMENT_TEAM = PP76483D72;
				ENABLE_HARDENED_RUNTIME = YES;
				ENABLE_PREVIEWS = YES;
				GENERATE_INFOPLIST_FILE = YES;
				INFOPLIST_FILE = GitHubAccelerator/Info.plist;
				INFOPLIST_KEY_NSAppleEventsUsageDescription = "需要权限修改系统hosts文件";
				INFOPLIST_KEY_NSHumanReadableCopyright = "";
				LD_RUNPATH_SEARCH_PATHS = (
					"$(inherited)",
					"@executable_path/../Frameworks",
				);
				MARKETING_VERSION = 1.0;
				PRODUCT_BUNDLE_IDENTIFIER = gpl.dsy.GitHubAccelerator;
				PRODUCT_NAME = "$(TARGET_NAME)";
				SWIFT_EMIT_LOC_STRINGS = YES;
				SWIFT_VERSION = 5.0;
			};
			name = Debug;
		};
		21FEEAC32D69C08A00C21027 /* Release */ = {
			isa = XCBuildConfiguration;
			buildSettings = {
				ASSETCATALOG_COMPILER_APPICON_NAME = AppIcon;
				ASSETCATALOG_COMPILER_GLOBAL_ACCENT_COLOR_NAME = AccentColor;
				CODE_SIGN_ENTITLEMENTS = GitHubAccelerator/GitHubAccelerator.entitlements;
				CODE_SIGN_STYLE = Automatic;
				COMBINE_HIDPI_IMAGES = YES;
				CURRENT_PROJECT_VERSION = 1;
				DEVELOPMENT_ASSET_PATHS = "\"GitHubAccelerator/Preview Content\"";
				DEVELOPMENT_TEAM = PP76483D72;
				ENABLE_HARDENED_RUNTIME = YES;
				ENABLE_PREVIEWS = YES;
				GENERATE_INFOPLIST_FILE = YES;
				INFOPLIST_FILE = GitHubAccelerator/Info.plist;
				INFOPLIST_KEY_NSAppleEventsUsageDescription = "需要权限修改系统hosts文件";
				INFOPLIST_KEY_NSHumanReadableCopyright = "";
				LD_RUNPATH_SEARCH_PATHS = (
					"$(inherited)",
					"@executable_path/../Frameworks",
				);
				MARKETING_VERSION = 1.0;
				PRODUCT_BUNDLE_IDENTIFIER = gpl.dsy.GitHubAccelerator;
				PRODUCT_NAME = "$(TARGET_NAME)";
				SWIFT_EMIT_LOC_STRINGS = YES;
				SWIFT_VERSION = 5.0;
			};
			name = Release;
		};
		21FEEAC52D69C08A00C21027 /* Debug */ = {
			isa = XCBuildConfiguration;
			buildSettings = {
				BUNDLE_LOADER = "$(TEST_HOST)";
				CODE_SIGN_STYLE = Automatic;
				CURRENT_PROJECT_VERSION = 1;
				DEVELOPMENT_TEAM = PP76483D72;
				GENERATE_INFOPLIST_FILE = YES;
				MACOSX_DEPLOYMENT_TARGET = 15.1;
				MARKETING_VERSION = 1.0;
				PRODUCT_BUNDLE_IDENTIFIER = gpl.dsy.GitHubAcceleratorTests;
				PRODUCT_NAME = "$(TARGET_NAME)";
				SWIFT_EMIT_LOC_STRINGS = NO;
				SWIFT_VERSION = 5.0;
				TEST_HOST = "$(BUILT_PRODUCTS_DIR)/GitHubAccelerator.app/$(BUNDLE_EXECUTABLE_FOLDER_PATH)/GitHubAccelerator";
			};
			name = Debug;
		};
		21FEEAC62D69C08A00C21027 /* Release */ = {
			isa = XCBuildConfiguration;
			buildSettings = {
				BUNDLE_LOADER = "$(TEST_HOST)";
				CODE_SIGN_STYLE = Automatic;
				CURRENT_PROJECT_VERSION = 1;
				DEVELOPMENT_TEAM = PP76483D72;
				GENERATE_INFOPLIST_FILE = YES;
				MACOSX_DEPLOYMENT_TARGET = 15.1;
				MARKETING_VERSION = 1.0;
				PRODUCT_BUNDLE_IDENTIFIER = gpl.dsy.GitHubAcceleratorTests;
				PRODUCT_NAME = "$(TARGET_NAME)";
				SWIFT_EMIT_LOC_STRINGS = NO;
				SWIFT_VERSION = 5.0;
				TEST_HOST = "$(BUILT_PRODUCTS_DIR)/GitHubAccelerator.app/$(BUNDLE_EXECUTABLE_FOLDER_PATH)/GitHubAccelerator";
			};
			name = Release;
		};
		21FEEAC82D69C08A00C21027 /* Debug */ = {
			isa = XCBuildConfiguration;
			buildSettings = {
				CODE_SIGN_STYLE = Automatic;
				CURRENT_PROJECT_VERSION = 1;
				DEVELOPMENT_TEAM = PP76483D72;
				GENERATE_INFOPLIST_FILE = YES;
				MARKETING_VERSION = 1.0;
				PRODUCT_BUNDLE_IDENTIFIER = gpl.dsy.GitHubAcceleratorUITests;
				PRODUCT_NAME = "$(TARGET_NAME)";
				SWIFT_EMIT_LOC_STRINGS = NO;
				SWIFT_VERSION = 5.0;
				TEST_TARGET_NAME = GitHubAccelerator;
			};
			name = Debug;
		};
		21FEEAC92D69C08A00C21027 /* Release */ = {
			isa = XCBuildConfiguration;
			buildSettings = {
				CODE_SIGN_STYLE = Automatic;
				CURRENT_PROJECT_VERSION = 1;
				DEVELOPMENT_TEAM = PP76483D72;
				GENERATE_INFOPLIST_FILE = YES;
				MARKETING_VERSION = 1.0;
				PRODUCT_BUNDLE_IDENTIFIER = gpl.dsy.GitHubAcceleratorUITests;
				PRODUCT_NAME = "$(TARGET_NAME)";
				SWIFT_EMIT_LOC_STRINGS = NO;
				SWIFT_VERSION = 5.0;
				TEST_TARGET_NAME = GitHubAccelerator;
			};
			name = Release;
		};
/* End XCBuildConfiguration section */

/* Begin XCConfigurationList section */
		21FEEA972D69C08800C21027 /* Build configuration list for PBXProject "GitHubAccelerator" */ = {
			isa = XCConfigurationList;
			buildConfigurations = (
				21FEEABF2D69C08A00C21027 /* Debug */,
				21FEEAC02D69C08A00C21027 /* Release */,
			);
			defaultConfigurationIsVisible = 0;
			defaultConfigurationName = Release;
		};
		21FEEAC12D69C08A00C21027 /* Build configuration list for PBXNativeTarget "GitHubAccelerator" */ = {
			isa = XCConfigurationList;
			buildConfigurations = (
				21FEEAC22D69C08A00C21027 /* Debug */,
				21FEEAC32D69C08A00C21027 /* Release */,
			);
			defaultConfigurationIsVisible = 0;
			defaultConfigurationName = Release;
		};
		21FEEAC42D69C08A00C21027 /* Build configuration list for PBXNativeTarget "GitHubAcceleratorTests" */ = {
			isa = XCConfigurationList;
			buildConfigurations = (
				21FEEAC52D69C08A00C21027 /* Debug */,
				21FEEAC62D69C08A00C21027 /* Release */,
			);
			defaultConfigurationIsVisible = 0;
			defaultConfigurationName = Release;
		};
		21FEEAC72D69C08A00C21027 /* Build configuration list for PBXNativeTarget "GitHubAcceleratorUITests" */ = {
			isa = XCConfigurationList;
			buildConfigurations = (
				21FEEAC82D69C08A00C21027 /* Debug */,
				21FEEAC92D69C08A00C21027 /* Release */,
			);
			defaultConfigurationIsVisible = 0;
			defaultConfigurationName = Release;
		};
/* End XCConfigurationList section */
	};
	rootObject = 21FEEA942D69C08800C21027 /* Project object */;
}
